
Microsoft Visual Studio Solution File, Format Version 12.00
# Visual Studio 15
VisualStudioVersion = 15.0.28010.0
MinimumVisualStudioVersion = 10.0.40219.1
Project("{FAE04EC0-301F-11D3-BF4B-00C04F79EFBC}") = "Yumi Interface", "Yumi Interface\Yumi Interface.csproj", "{1BAAFAE6-82DE-4500-B6BF-278EE9702DEE}"
EndProject
Global
	GlobalSection(SolutionConfigurationPlatforms) = preSolution
		Debug|Any CPU = Debug|Any CPU
		Release|Any CPU = Release|Any CPU
	EndGlobalSection
	GlobalSection(ProjectConfigurationPlatforms) = postSolution
		{1BAAFAE6-82DE-4500-B6BF-278EE9702DEE}.Debug|Any CPU.ActiveCfg = Debug|Any CPU
		{1BAAFAE6-82DE-4500-B6BF-278EE9702DEE}.Debug|Any CPU.Build.0 = Debug|Any CPU
		{1BAAFAE6-82DE-4500-B6BF-278EE9702DEE}.Release|Any CPU.ActiveCfg = Release|Any CPU
		{1BAAFAE6-82DE-4500-B6BF-278EE9702DEE}.Release|Any CPU.Build.0 = Release|Any CPU
	EndGlobalSection
	GlobalSection(SolutionProperties) = preSolution
		HideSolutionNode = FALSE
	EndGlobalSection
	GlobalSection(ExtensibilityGlobals) = postSolution
		SolutionGuid = {379EA7A6-E6E1-499D-B83D-A47713AB327C}
	EndGlobalSection
EndGlobal
